
Microsoft Visual Studio Solution File, Format Version 12.00
# Visual Studio Version 17
VisualStudioVersion = 17.7.34031.279
MinimumVisualStudioVersion = 10.0.40219.1
Project("{FAE04EC0-301F-11D3-BF4B-00C04F79EFBC}") = "Ophthalmology.Utility", "Utility\Ophthalmology.Utility.csproj", "{87739C09-90E2-470D-B438-94881969FD29}"
EndProject
Project("{FAE04EC0-301F-11D3-BF4B-00C04F79EFBC}") = "Ophthalmology.Controls", "Controls\Ophthalmology.Controls.csproj", "{AE1649B5-110D-48D1-8F4E-8E02E690C818}"
EndProject
Project("{F184B08F-C81C-45F6-A57F-5ABD9991F28F}") = "Ophthalmology.Main", "Main\Ophthalmology.Main.vbproj", "{D697C386-7818-44BC-8D37-1F6F82FCFD0F}"
EndProject
Project("{FAE04EC0-301F-11D3-BF4B-00C04F79EFBC}") = "Ophthalmology.Entity", "Ophthalmology.Entity\Ophthalmology.Entity.csproj", "{36861226-C2E5-43E8-95BC-1C7830853C95}"
EndProject
Project("{FAE04EC0-301F-11D3-BF4B-00C04F79EFBC}") = "Ophthalmology.UI.Win", "Ophthalmology.UI.Win\Ophthalmology.UI.Win.csproj", "{C716107C-B193-4C2F-9365-F8AB656A749C}"
EndProject
Global
	GlobalSection(SolutionConfigurationPlatforms) = preSolution
		Debug|Any CPU = Debug|Any CPU
		Release|Any CPU = Release|Any CPU
	EndGlobalSection
	GlobalSection(ProjectConfigurationPlatforms) = postSolution
		{87739C09-90E2-470D-B438-94881969FD29}.Debug|Any CPU.ActiveCfg = Debug|Any CPU
		{87739C09-90E2-470D-B438-94881969FD29}.Debug|Any CPU.Build.0 = Debug|Any CPU
		{87739C09-90E2-470D-B438-94881969FD29}.Release|Any CPU.ActiveCfg = Release|Any CPU
		{87739C09-90E2-470D-B438-94881969FD29}.Release|Any CPU.Build.0 = Release|Any CPU
		{AE1649B5-110D-48D1-8F4E-8E02E690C818}.Debug|Any CPU.ActiveCfg = Debug|Any CPU
		{AE1649B5-110D-48D1-8F4E-8E02E690C818}.Debug|Any CPU.Build.0 = Debug|Any CPU
		{AE1649B5-110D-48D1-8F4E-8E02E690C818}.Release|Any CPU.ActiveCfg = Release|Any CPU
		{AE1649B5-110D-48D1-8F4E-8E02E690C818}.Release|Any CPU.Build.0 = Release|Any CPU
		{D697C386-7818-44BC-8D37-1F6F82FCFD0F}.Debug|Any CPU.ActiveCfg = Debug|Any CPU
		{D697C386-7818-44BC-8D37-1F6F82FCFD0F}.Debug|Any CPU.Build.0 = Debug|Any CPU
		{D697C386-7818-44BC-8D37-1F6F82FCFD0F}.Release|Any CPU.ActiveCfg = Release|Any CPU
		{D697C386-7818-44BC-8D37-1F6F82FCFD0F}.Release|Any CPU.Build.0 = Release|Any CPU
		{36861226-C2E5-43E8-95BC-1C7830853C95}.Debug|Any CPU.ActiveCfg = Debug|Any CPU
		{36861226-C2E5-43E8-95BC-1C7830853C95}.Debug|Any CPU.Build.0 = Debug|Any CPU
		{36861226-C2E5-43E8-95BC-1C7830853C95}.Release|Any CPU.ActiveCfg = Release|Any CPU
		{36861226-C2E5-43E8-95BC-1C7830853C95}.Release|Any CPU.Build.0 = Release|Any CPU
		{C716107C-B193-4C2F-9365-F8AB656A749C}.Debug|Any CPU.ActiveCfg = Debug|Any CPU
		{C716107C-B193-4C2F-9365-F8AB656A749C}.Debug|Any CPU.Build.0 = Debug|Any CPU
		{C716107C-B193-4C2F-9365-F8AB656A749C}.Release|Any CPU.ActiveCfg = Release|Any CPU
		{C716107C-B193-4C2F-9365-F8AB656A749C}.Release|Any CPU.Build.0 = Release|Any CPU
	EndGlobalSection
	GlobalSection(SolutionProperties) = preSolution
		HideSolutionNode = FALSE
	EndGlobalSection
	GlobalSection(ExtensibilityGlobals) = postSolution
		SolutionGuid = {CB832BD5-E681-4EF5-B35A-71764723B6E4}
	EndGlobalSection
EndGlobal
