
Microsoft Visual Studio Solution File, Format Version 12.00
# Visual Studio Version 17
VisualStudioVersion = 17.7.34031.279
MinimumVisualStudioVersion = 10.0.40219.1
Project("{FAE04EC0-301F-11D3-BF4B-00C04F79EFBC}") = "Ophthalmology.Utility", "Utility\Ophthalmology.Utility.csproj", "{87739C09-90E2-470D-B438-94881969FD29}"
EndProject
Project("{FAE04EC0-301F-11D3-BF4B-00C04F79EFBC}") = "Ophthalmology.Controls", "Controls\Ophthalmology.Controls.csproj", "{AE1649B5-110D-48D1-8F4E-8E02E690C818}"
EndProject
Project("{F184B08F-C81C-45F6-A57F-5ABD9991F28F}") = "Ophthalmology.Main", "Main\Ophthalmology.Main.vbproj", "{D697C386-7818-44BC-8D37-1F6F82FCFD0F}"
EndProject
Project("{FAE04EC0-301F-11D3-BF4B-00C04F79EFBC}") = "Ophthalmology.Entity", "Ophthalmology.Entity\Ophthalmology.Entity.csproj", "{36861226-C2E5-43E8-95BC-1C7830853C95}"
EndProject
Project("{FAE04EC0-301F-11D3-BF4B-00C04F79EFBC}") = "Ophthalmology.UI.Win", "Ophthalmology.UI.Win\Ophthalmology.UI.Win.csproj", "{C716107C-B193-4C2F-9365-F8AB656A749C}"
EndProject
Project("{2150E333-8FDC-42A3-9474-1A3956D46DE8}") = "Src", "Src", "{DD43E343-C4F1-4F2C-98F0-CEC132DCB949}"
EndProject
Project("{FAE04EC0-301F-11D3-BF4B-00C04F79EFBC}") = "Ophthalmology.DataAccess", "Ophthalmology.DataAccess\Ophthalmology.DataAccess.csproj", "{AB392E28-680A-4D6F-8CDF-D9D02766644E}"
EndProject
Project("{2150E333-8FDC-42A3-9474-1A3956D46DE8}") = "Solution Items", "Solution Items", "{03788BD4-BE21-4E27-A411-21F209B61E48}"
EndProject
Project("{2150E333-8FDC-42A3-9474-1A3956D46DE8}") = "Fonts", "Fonts", "{65850201-1DFA-4CBA-B5E7-3E4BF99127AB}"
EndProject
Project("{2150E333-8FDC-42A3-9474-1A3956D46DE8}") = "DB", "DB", "{4F0AA962-5EFC-4BC1-9CC8-29773665F65E}"
	ProjectSection(SolutionItems) = preProject
		Solution Items\db.mdb = Solution Items\db.mdb
	EndProjectSection
EndProject
Project("{2150E333-8FDC-42A3-9474-1A3956D46DE8}") = "dlls", "dlls", "{DF8200B8-257F-4671-8CD9-7B6001CBC381}"
	ProjectSection(SolutionItems) = preProject
		Solution Items\BehComponents.dll = Solution Items\BehComponents.dll
		Solution Items\Janus.Data.v3.dll = Solution Items\Janus.Data.v3.dll
		Solution Items\Janus.Windows.ButtonBar.v3.dll = Solution Items\Janus.Windows.ButtonBar.v3.dll
		Solution Items\Janus.Windows.CalendarCombo.v3.dll = Solution Items\Janus.Windows.CalendarCombo.v3.dll
		Solution Items\Janus.Windows.Common.v3.dll = Solution Items\Janus.Windows.Common.v3.dll
		Solution Items\Janus.Windows.ExplorerBar.v3.dll = Solution Items\Janus.Windows.ExplorerBar.v3.dll
		Solution Items\Janus.Windows.FilterEditor.v3.dll = Solution Items\Janus.Windows.FilterEditor.v3.dll
		Solution Items\Janus.Windows.GridEX.v3.dll = Solution Items\Janus.Windows.GridEX.v3.dll
		Solution Items\Janus.Windows.Ribbon.v3.dll = Solution Items\Janus.Windows.Ribbon.v3.dll
		Solution Items\Janus.Windows.Schedule.v3.dll = Solution Items\Janus.Windows.Schedule.v3.dll
		Solution Items\Janus.Windows.TimeLine.v3.dll = Solution Items\Janus.Windows.TimeLine.v3.dll
		Solution Items\Janus.Windows.UI.v3.dll = Solution Items\Janus.Windows.UI.v3.dll
		Solution Items\ShamsiDatePicker.dll = Solution Items\ShamsiDatePicker.dll
	EndProjectSection
EndProject
Global
	GlobalSection(SolutionConfigurationPlatforms) = preSolution
		Debug|Any CPU = Debug|Any CPU
		Debug|x86 = Debug|x86
		Release|Any CPU = Release|Any CPU
		Release|x86 = Release|x86
	EndGlobalSection
	GlobalSection(ProjectConfigurationPlatforms) = postSolution
		{87739C09-90E2-470D-B438-94881969FD29}.Debug|Any CPU.ActiveCfg = Debug|Any CPU
		{87739C09-90E2-470D-B438-94881969FD29}.Debug|Any CPU.Build.0 = Debug|Any CPU
		{87739C09-90E2-470D-B438-94881969FD29}.Debug|x86.ActiveCfg = Debug|Any CPU
		{87739C09-90E2-470D-B438-94881969FD29}.Debug|x86.Build.0 = Debug|Any CPU
		{87739C09-90E2-470D-B438-94881969FD29}.Release|Any CPU.ActiveCfg = Release|Any CPU
		{87739C09-90E2-470D-B438-94881969FD29}.Release|Any CPU.Build.0 = Release|Any CPU
		{87739C09-90E2-470D-B438-94881969FD29}.Release|x86.ActiveCfg = Release|Any CPU
		{87739C09-90E2-470D-B438-94881969FD29}.Release|x86.Build.0 = Release|Any CPU
		{AE1649B5-110D-48D1-8F4E-8E02E690C818}.Debug|Any CPU.ActiveCfg = Debug|Any CPU
		{AE1649B5-110D-48D1-8F4E-8E02E690C818}.Debug|Any CPU.Build.0 = Debug|Any CPU
		{AE1649B5-110D-48D1-8F4E-8E02E690C818}.Debug|x86.ActiveCfg = Debug|Any CPU
		{AE1649B5-110D-48D1-8F4E-8E02E690C818}.Debug|x86.Build.0 = Debug|Any CPU
		{AE1649B5-110D-48D1-8F4E-8E02E690C818}.Release|Any CPU.ActiveCfg = Release|Any CPU
		{AE1649B5-110D-48D1-8F4E-8E02E690C818}.Release|Any CPU.Build.0 = Release|Any CPU
		{AE1649B5-110D-48D1-8F4E-8E02E690C818}.Release|x86.ActiveCfg = Release|Any CPU
		{AE1649B5-110D-48D1-8F4E-8E02E690C818}.Release|x86.Build.0 = Release|Any CPU
		{D697C386-7818-44BC-8D37-1F6F82FCFD0F}.Debug|Any CPU.ActiveCfg = Debug|Any CPU
		{D697C386-7818-44BC-8D37-1F6F82FCFD0F}.Debug|Any CPU.Build.0 = Debug|Any CPU
		{D697C386-7818-44BC-8D37-1F6F82FCFD0F}.Debug|x86.ActiveCfg = Debug|Any CPU
		{D697C386-7818-44BC-8D37-1F6F82FCFD0F}.Debug|x86.Build.0 = Debug|Any CPU
		{D697C386-7818-44BC-8D37-1F6F82FCFD0F}.Release|Any CPU.ActiveCfg = Release|Any CPU
		{D697C386-7818-44BC-8D37-1F6F82FCFD0F}.Release|Any CPU.Build.0 = Release|Any CPU
		{D697C386-7818-44BC-8D37-1F6F82FCFD0F}.Release|x86.ActiveCfg = Release|Any CPU
		{D697C386-7818-44BC-8D37-1F6F82FCFD0F}.Release|x86.Build.0 = Release|Any CPU
		{36861226-C2E5-43E8-95BC-1C7830853C95}.Debug|Any CPU.ActiveCfg = Debug|Any CPU
		{36861226-C2E5-43E8-95BC-1C7830853C95}.Debug|Any CPU.Build.0 = Debug|Any CPU
		{36861226-C2E5-43E8-95BC-1C7830853C95}.Debug|x86.ActiveCfg = Debug|Any CPU
		{36861226-C2E5-43E8-95BC-1C7830853C95}.Debug|x86.Build.0 = Debug|Any CPU
		{36861226-C2E5-43E8-95BC-1C7830853C95}.Release|Any CPU.ActiveCfg = Release|Any CPU
		{36861226-C2E5-43E8-95BC-1C7830853C95}.Release|Any CPU.Build.0 = Release|Any CPU
		{36861226-C2E5-43E8-95BC-1C7830853C95}.Release|x86.ActiveCfg = Release|Any CPU
		{36861226-C2E5-43E8-95BC-1C7830853C95}.Release|x86.Build.0 = Release|Any CPU
		{C716107C-B193-4C2F-9365-F8AB656A749C}.Debug|Any CPU.ActiveCfg = Debug|Any CPU
		{C716107C-B193-4C2F-9365-F8AB656A749C}.Debug|Any CPU.Build.0 = Debug|Any CPU
		{C716107C-B193-4C2F-9365-F8AB656A749C}.Debug|x86.ActiveCfg = Debug|Any CPU
		{C716107C-B193-4C2F-9365-F8AB656A749C}.Debug|x86.Build.0 = Debug|Any CPU
		{C716107C-B193-4C2F-9365-F8AB656A749C}.Release|Any CPU.ActiveCfg = Release|Any CPU
		{C716107C-B193-4C2F-9365-F8AB656A749C}.Release|Any CPU.Build.0 = Release|Any CPU
		{C716107C-B193-4C2F-9365-F8AB656A749C}.Release|x86.ActiveCfg = Release|Any CPU
		{C716107C-B193-4C2F-9365-F8AB656A749C}.Release|x86.Build.0 = Release|Any CPU
		{AB392E28-680A-4D6F-8CDF-D9D02766644E}.Debug|Any CPU.ActiveCfg = Debug|Any CPU
		{AB392E28-680A-4D6F-8CDF-D9D02766644E}.Debug|Any CPU.Build.0 = Debug|Any CPU
		{AB392E28-680A-4D6F-8CDF-D9D02766644E}.Debug|x86.ActiveCfg = Debug|Any CPU
		{AB392E28-680A-4D6F-8CDF-D9D02766644E}.Debug|x86.Build.0 = Debug|Any CPU
		{AB392E28-680A-4D6F-8CDF-D9D02766644E}.Release|Any CPU.ActiveCfg = Release|Any CPU
		{AB392E28-680A-4D6F-8CDF-D9D02766644E}.Release|Any CPU.Build.0 = Release|Any CPU
		{AB392E28-680A-4D6F-8CDF-D9D02766644E}.Release|x86.ActiveCfg = Release|Any CPU
		{AB392E28-680A-4D6F-8CDF-D9D02766644E}.Release|x86.Build.0 = Release|Any CPU
	EndGlobalSection
	GlobalSection(SolutionProperties) = preSolution
		HideSolutionNode = FALSE
	EndGlobalSection
	GlobalSection(NestedProjects) = preSolution
		{87739C09-90E2-470D-B438-94881969FD29} = {DD43E343-C4F1-4F2C-98F0-CEC132DCB949}
		{AE1649B5-110D-48D1-8F4E-8E02E690C818} = {DD43E343-C4F1-4F2C-98F0-CEC132DCB949}
		{D697C386-7818-44BC-8D37-1F6F82FCFD0F} = {DD43E343-C4F1-4F2C-98F0-CEC132DCB949}
		{36861226-C2E5-43E8-95BC-1C7830853C95} = {DD43E343-C4F1-4F2C-98F0-CEC132DCB949}
		{C716107C-B193-4C2F-9365-F8AB656A749C} = {DD43E343-C4F1-4F2C-98F0-CEC132DCB949}
		{AB392E28-680A-4D6F-8CDF-D9D02766644E} = {DD43E343-C4F1-4F2C-98F0-CEC132DCB949}
		{65850201-1DFA-4CBA-B5E7-3E4BF99127AB} = {03788BD4-BE21-4E27-A411-21F209B61E48}
		{4F0AA962-5EFC-4BC1-9CC8-29773665F65E} = {03788BD4-BE21-4E27-A411-21F209B61E48}
		{DF8200B8-257F-4671-8CD9-7B6001CBC381} = {03788BD4-BE21-4E27-A411-21F209B61E48}
	EndGlobalSection
	GlobalSection(ExtensibilityGlobals) = postSolution
		SolutionGuid = {CB832BD5-E681-4EF5-B35A-71764723B6E4}
	EndGlobalSection
EndGlobal
